// !$*UTF8*$!
{
	archiveVersion = 1;
	classes = {
	};
	objectVersion = 46;
	objects = {

/* Begin PBXBuildFile section */
		4EF14AC01C5E4FF80014BAA9 /* AppDelegate.swift in Sources */ = {isa = PBXBuildFile; fileRef = 4EF14ABF1C5E4FF80014BAA9 /* AppDelegate.swift */; };
		4EF14AC21C5E4FF80014BAA9 /* ViewController.swift in Sources */ = {isa = PBXBuildFile; fileRef = 4EF14AC11C5E4FF80014BAA9 /* ViewController.swift */; };
		4EF14AC51C5E4FF80014BAA9 /* Main.storyboard in Resources */ = {isa = PBXBuildFile; fileRef = 4EF14AC31C5E4FF80014BAA9 /* Main.storyboard */; };
		4EF14AC71C5E4FF80014BAA9 /* Assets.xcassets in Resources */ = {isa = PBXBuildFile; fileRef = 4EF14AC61C5E4FF80014BAA9 /* Assets.xcassets */; };
		4EF14ACA1C5E4FF80014BAA9 /* LaunchScreen.storyboard in Resources */ = {isa = PBXBuildFile; fileRef = 4EF14AC81C5E4FF80014BAA9 /* LaunchScreen.storyboard */; };
		E84E8C9DEEA68646D686E96F /* Pods.framework in Frameworks */ = {isa = PBXBuildFile; fileRef = FCF15FF6A9D7311BA91D781A /* Pods.framework */; };
/* End PBXBuildFile section */

/* Begin PBXFileReference section */
		265CC2741DFC8E9B90A3DED5 /* Pods.debug.xcconfig */ = {isa = PBXFileReference; includeInIndex = 1; lastKnownFileType = text.xcconfig; name = Pods.debug.xcconfig; path = "Pods/Target Support Files/Pods/Pods.debug.xcconfig"; sourceTree = "<group>"; };
		4EF14ABC1C5E4FF80014BAA9 /* ZSWTappableLabelEx.app */ = {isa = PBXFileReference; explicitFileType = wrapper.application; includeInIndex = 0; path = ZSWTappableLabelEx.app; sourceTree = BUILT_PRODUCTS_DIR; };
		4EF14ABF1C5E4FF80014BAA9 /* AppDelegate.swift */ = {isa = PBXFileReference; lastKnownFileType = sourcecode.swift; path = AppDelegate.swift; sourceTree = "<group>"; };
		4EF14AC11C5E4FF80014BAA9 /* ViewController.swift */ = {isa = PBXFileReference; lastKnownFileType = sourcecode.swift; path = ViewController.swift; sourceTree = "<group>"; };
		4EF14AC41C5E4FF80014BAA9 /* Base */ = {isa = PBXFileReference; lastKnownFileType = file.storyboard; name = Base; path = Base.lproj/Main.storyboard; sourceTree = "<group>"; };
		4EF14AC61C5E4FF80014BAA9 /* Assets.xcassets */ = {isa = PBXFileReference; lastKnownFileType = folder.assetcatalog; path = Assets.xcassets; sourceTree = "<group>"; };
		4EF14AC91C5E4FF80014BAA9 /* Base */ = {isa = PBXFileReference; lastKnownFileType = file.storyboard; name = Base; path = Base.lproj/LaunchScreen.storyboard; sourceTree = "<group>"; };
		4EF14ACB1C5E4FF80014BAA9 /* Info.plist */ = {isa = PBXFileReference; lastKnownFileType = text.plist.xml; path = Info.plist; sourceTree = "<group>"; };
		E6D1620B6AC223A38F369A1C /* Pods.release.xcconfig */ = {isa = PBXFileReference; includeInIndex = 1; lastKnownFileType = text.xcconfig; name = Pods.release.xcconfig; path = "Pods/Target Support Files/Pods/Pods.release.xcconfig"; sourceTree = "<group>"; };
		FCF15FF6A9D7311BA91D781A /* Pods.framework */ = {isa = PBXFileReference; explicitFileType = wrapper.framework; includeInIndex = 0; path = Pods.framework; sourceTree = BUILT_PRODUCTS_DIR; };
/* End PBXFileReference section */

/* Begin PBXFrameworksBuildPhase section */
		4EF14AB91C5E4FF80014BAA9 /* Frameworks */ = {
			isa = PBXFrameworksBuildPhase;
			buildActionMask = 2147483647;
			files = (
				E84E8C9DEEA68646D686E96F /* Pods.framework in Frameworks */,
			);
			runOnlyForDeploymentPostprocessing = 0;
		};
/* End PBXFrameworksBuildPhase section */

/* Begin PBXGroup section */
		4EF14AB31C5E4FF80014BAA9 = {
			isa = PBXGroup;
			children = (
				4EF14ABE1C5E4FF80014BAA9 /* ZSWTappableLabelEx */,
				4EF14ABD1C5E4FF80014BAA9 /* Products */,
				CF6D84916DC586E58302F98F /* Pods */,
				E777E801A7E66021B67D5176 /* Frameworks */,
			);
			sourceTree = "<group>";
		};
		4EF14ABD1C5E4FF80014BAA9 /* Products */ = {
			isa = PBXGroup;
			children = (
				4EF14ABC1C5E4FF80014BAA9 /* ZSWTappableLabelEx.app */,
			);
			name = Products;
			sourceTree = "<group>";
		};
		4EF14ABE1C5E4FF80014BAA9 /* ZSWTappableLabelEx */ = {
			isa = PBXGroup;
			children = (
				4EF14ABF1C5E4FF80014BAA9 /* AppDelegate.swift */,
				4EF14AC11C5E4FF80014BAA9 /* ViewController.swift */,
				4EF14AC31C5E4FF80014BAA9 /* Main.storyboard */,
				4EF14AC61C5E4FF80014BAA9 /* Assets.xcassets */,
				4EF14AC81C5E4FF80014BAA9 /* LaunchScreen.storyboard */,
				4EF14ACB1C5E4FF80014BAA9 /* Info.plist */,
			);
			path = ZSWTappableLabelEx;
			sourceTree = "<group>";
		};
		CF6D84916DC586E58302F98F /* Pods */ = {
			isa = PBXGroup;
			children = (
				265CC2741DFC8E9B90A3DED5 /* Pods.debug.xcconfig */,
				E6D1620B6AC223A38F369A1C /* Pods.release.xcconfig */,
			);
			name = Pods;
			sourceTree = "<group>";
		};
		E777E801A7E66021B67D5176 /* Frameworks */ = {
			isa = PBXGroup;
			children = (
				FCF15FF6A9D7311BA91D781A /* Pods.framework */,
			);
			name = Frameworks;
			sourceTree = "<group>";
		};
/* End PBXGroup section */

/* Begin PBXNativeTarget section */
		4EF14ABB1C5E4FF80014BAA9 /* ZSWTappableLabelEx */ = {
			isa = PBXNativeTarget;
			buildConfigurationList = 4EF14ACE1C5E4FF80014BAA9 /* Build configuration list for PBXNativeTarget "ZSWTappableLabelEx" */;
			buildPhases = (
				3EADC1A55024814EFE36EBD4 /* Check Pods Manifest.lock */,
				4EF14AB81C5E4FF80014BAA9 /* Sources */,
				4EF14AB91C5E4FF80014BAA9 /* Frameworks */,
				4EF14ABA1C5E4FF80014BAA9 /* Resources */,
				2A602D9E11C7D86E26B7FA0B /* Embed Pods Frameworks */,
				B56BDBC7EEAE0A79FF27A0FC /* Copy Pods Resources */,
			);
			buildRules = (
			);
			dependencies = (
			);
			name = ZSWTappableLabelEx;
			productName = ZSWTappableLabelEx;
			productReference = 4EF14ABC1C5E4FF80014BAA9 /* ZSWTappableLabelEx.app */;
			productType = "com.apple.product-type.application";
		};
/* End PBXNativeTarget section */

/* Begin PBXProject section */
		4EF14AB41C5E4FF80014BAA9 /* Project object */ = {
			isa = PBXProject;
			attributes = {
				LastSwiftUpdateCheck = 0720;
				LastUpgradeCheck = 0720;
				ORGANIZATIONNAME = BurtK;
				TargetAttributes = {
					4EF14ABB1C5E4FF80014BAA9 = {
						CreatedOnToolsVersion = 7.2;
					};
				};
			};
			buildConfigurationList = 4EF14AB71C5E4FF80014BAA9 /* Build configuration list for PBXProject "ZSWTappableLabelEx" */;
			compatibilityVersion = "Xcode 3.2";
			developmentRegion = English;
			hasScannedForEncodings = 0;
			knownRegions = (
				en,
				Base,
			);
			mainGroup = 4EF14AB31C5E4FF80014BAA9;
			productRefGroup = 4EF14ABD1C5E4FF80014BAA9 /* Products */;
			projectDirPath = "";
			projectRoot = "";
			targets = (
				4EF14ABB1C5E4FF80014BAA9 /* ZSWTappableLabelEx */,
			);
		};
/* End PBXProject section */

/* Begin PBXResourcesBuildPhase section */
		4EF14ABA1C5E4FF80014BAA9 /* Resources */ = {
			isa = PBXResourcesBuildPhase;
			buildActionMask = 2147483647;
			files = (
				4EF14ACA1C5E4FF80014BAA9 /* LaunchScreen.storyboard in Resources */,
				4EF14AC71C5E4FF80014BAA9 /* Assets.xcassets in Resources */,
				4EF14AC51C5E4FF80014BAA9 /* Main.storyboard in Resources */,
			);
			runOnlyForDeploymentPostprocessing = 0;
		};
/* End PBXResourcesBuildPhase section */

/* Begin PBXShellScriptBuildPhase section */
		2A602D9E11C7D86E26B7FA0B /* Embed Pods Frameworks */ = {
			isa = PBXShellScriptBuildPhase;
			buildActionMask = 2147483647;
			files = (
			);
			inputPaths = (
			);
			name = "Embed Pods Frameworks";
			outputPaths = (
			);
			runOnlyForDeploymentPostprocessing = 0;
			shellPath = /bin/sh;
			shellScript = "\"${SRCROOT}/Pods/Target Support Files/Pods/Pods-frameworks.sh\"\n";
			showEnvVarsInLog = 0;
		};
		3EADC1A55024814EFE36EBD4 /* Check Pods Manifest.lock */ = {
			isa = PBXShellScriptBuildPhase;
			buildActionMask = 2147483647;
			files = (
			);
			inputPaths = (
			);
			name = "Check Pods Manifest.lock";
			outputPaths = (
			);
			runOnlyForDeploymentPostprocessing = 0;
			shellPath = /bin/sh;
			shellScript = "diff \"${PODS_ROOT}/../Podfile.lock\" \"${PODS_ROOT}/Manifest.lock\" > /dev/null\nif [[ $? != 0 ]] ; then\n    cat << EOM\nerror: The sandbox is not in sync with the Podfile.lock. Run 'pod install' or update your CocoaPods installation.\nEOM\n    exit 1\nfi\n";
			showEnvVarsInLog = 0;
		};
		B56BDBC7EEAE0A79FF27A0FC /* Copy Pods Resources */ = {
			isa = PBXShellScriptBuildPhase;
			buildActionMask = 2147483647;
			files = (
			);
			inputPaths = (
			);
			name = "Copy Pods Resources";
			outputPaths = (
			);
			runOnlyForDeploymentPostprocessing = 0;
			shellPath = /bin/sh;
			shellScript = "\"${SRCROOT}/Pods/Target Support Files/Pods/Pods-resources.sh\"\n";
			showEnvVarsInLog = 0;
		};
/* End PBXShellScriptBuildPhase section */

/* Begin PBXSourcesBuildPhase section */
		4EF14AB81C5E4FF80014BAA9 /* Sources */ = {
			isa = PBXSourcesBuildPhase;
			buildActionMask = 2147483647;
			files = (
				4EF14AC21C5E4FF80014BAA9 /* ViewController.swift in Sources */,
				4EF14AC01C5E4FF80014BAA9 /* AppDelegate.swift in Sources */,
			);
			runOnlyForDeploymentPostprocessing = 0;
		};
/* End PBXSourcesBuildPhase section */

/* Begin PBXVariantGroup section */
		4EF14AC31C5E4FF80014BAA9 /* Main.storyboard */ = {
			isa = PBXVariantGroup;
			children = (
				4EF14AC41C5E4FF80014BAA9 /* Base */,
			);
			name = Main.storyboard;
			sourceTree = "<group>";
		};
		4EF14AC81C5E4FF80014BAA9 /* LaunchScreen.storyboard */ = {
			isa = PBXVariantGroup;
			children = (
				4EF14AC91C5E4FF80014BAA9 /* Base */,
			);
			name = LaunchScreen.storyboard;
			sourceTree = "<group>";
		};
/* End PBXVariantGroup section */

/* Begin XCBuildConfiguration section */
		4EF14ACC1C5E4FF80014BAA9 /* Debug */ = {
			isa = XCBuildConfiguration;
			buildSettings = {
				ALWAYS_SEARCH_USER_PATHS = NO;
				CLANG_CXX_LANGUAGE_STANDARD = "gnu++0x";
				CLANG_CXX_LIBRARY = "libc++";
				CLANG_ENABLE_MODULES = YES;
				CLANG_ENABLE_OBJC_ARC = YES;
				CLANG_WARN_BOOL_CONVERSION = YES;
				CLANG_WARN_CONSTANT_CONVERSION = YES;
				CLANG_WARN_DIRECT_OBJC_ISA_USAGE = YES_ERROR;
				CLANG_WARN_EMPTY_BODY = YES;
				CLANG_WARN_ENUM_CONVERSION = YES;
				CLANG_WARN_INT_CONVERSION = YES;
				CLANG_WARN_OBJC_ROOT_CLASS = YES_ERROR;
				CLANG_WARN_UNREACHABLE_CODE = YES;
				CLANG_WARN__DUPLICATE_METHOD_MATCH = YES;
				"CODE_SIGN_IDENTITY[sdk=iphoneos*]" = "iPhone Developer";
				COPY_PHASE_STRIP = NO;
				DEBUG_INFORMATION_FORMAT = dwarf;
				ENABLE_STRICT_OBJC_MSGSEND = YES;
				ENABLE_TESTABILITY = YES;
				GCC_C_LANGUAGE_STANDARD = gnu99;
				GCC_DYNAMIC_NO_PIC = NO;
				GCC_NO_COMMON_BLOCKS = YES;
				GCC_OPTIMIZATION_LEVEL = 0;
				GCC_PREPROCESSOR_DEFINITIONS = (
					"DEBUG=1",
					"$(inherited)",
				);
				GCC_WARN_64_TO_32_BIT_CONVERSION = YES;
				GCC_WARN_ABOUT_RETURN_TYPE = YES_ERROR;
				GCC_WARN_UNDECLARED_SELECTOR = YES;
				GCC_WARN_UNINITIALIZED_AUTOS = YES_AGGRESSIVE;
				GCC_WARN_UNUSED_FUNCTION = YES;
				GCC_WARN_UNUSED_VARIABLE = YES;
				IPHONEOS_DEPLOYMENT_TARGET = 9.2;
				MTL_ENABLE_DEBUG_INFO = YES;
				ONLY_ACTIVE_ARCH = YES;
				SDKROOT = iphoneos;
				SWIFT_OPTIMIZATION_LEVEL = "-Onone";
			};
			name = Debug;
		};
		4EF14ACD1C5E4FF80014BAA9 /* Release */ = {
			isa = XCBuildConfiguration;
			buildSettings = {
				ALWAYS_SEARCH_USER_PATHS = NO;
				CLANG_CXX_LANGUAGE_STANDARD = "gnu++0x";
				CLANG_CXX_LIBRARY = "libc++";
				CLANG_ENABLE_MODULES = YES;
				CLANG_ENABLE_OBJC_ARC = YES;
				CLANG_WARN_BOOL_CONVERSION = YES;
				CLANG_WARN_CONSTANT_CONVERSION = YES;
				CLANG_WARN_DIRECT_OBJC_ISA_USAGE = YES_ERROR;
				CLANG_WARN_EMPTY_BODY = YES;
				CLANG_WARN_ENUM_CONVERSION = YES;
				CLANG_WARN_INT_CONVERSION = YES;
				CLANG_WARN_OBJC_ROOT_CLASS = YES_ERROR;
				CLANG_WARN_UNREACHABLE_CODE = YES;
				CLANG_WARN__DUPLICATE_METHOD_MATCH = YES;
				"CODE_SIGN_IDENTITY[sdk=iphoneos*]" = "iPhone Developer";
				COPY_PHASE_STRIP = NO;
				DEBUG_INFORMATION_FORMAT = "dwarf-with-dsym";
				ENABLE_NS_ASSERTIONS = NO;
				ENABLE_STRICT_OBJC_MSGSEND = YES;
				GCC_C_LANGUAGE_STANDARD = gnu99;
				GCC_NO_COMMON_BLOCKS = YES;
				GCC_WARN_64_TO_32_BIT_CONVERSION = YES;
				GCC_WARN_ABOUT_RETURN_TYPE = YES_ERROR;
				GCC_WARN_UNDECLARED_SELECTOR = YES;
				GCC_WARN_UNINITIALIZED_AUTOS = YES_AGGRESSIVE;
				GCC_WARN_UNUSED_FUNCTION = YES;
				GCC_WARN_UNUSED_VARIABLE = YES;
				IPHONEOS_DEPLOYMENT_TARGET = 9.2;
				MTL_ENABLE_DEBUG_INFO = NO;
				SDKROOT = iphoneos;
				VALIDATE_PRODUCT = YES;
			};
			name = Release;
		};
		4EF14ACF1C5E4FF80014BAA9 /* Debug */ = {
			isa = XCBuildConfiguration;
			baseConfigurationReference = 265CC2741DFC8E9B90A3DED5 /* Pods.debug.xcconfig */;
			buildSettings = {
				ASSETCATALOG_COMPILER_APPICON_NAME = AppIcon;
				INFOPLIST_FILE = ZSWTappableLabelEx/Info.plist;
				LD_RUNPATH_SEARCH_PATHS = "$(inherited) @executable_path/Frameworks";
				PRODUCT_BUNDLE_IDENTIFIER = kr.pe.burt.ios.ZSWTappableLabelEx;
				PRODUCT_NAME = "$(TARGET_NAME)";
			};
			name = Debug;
		};
		4EF14AD01C5E4FF80014BAA9 /* Release */ = {
			isa = XCBuildConfiguration;
			baseConfigurationReference = E6D1620B6AC223A38F369A1C /* Pods.release.xcconfig */;
			buildSettings = {
				ASSETCATALOG_COMPILER_APPICON_NAME = AppIcon;
				INFOPLIST_FILE = ZSWTappableLabelEx/Info.plist;
				LD_RUNPATH_SEARCH_PATHS = "$(inherited) @executable_path/Frameworks";
				PRODUCT_BUNDLE_IDENTIFIER = kr.pe.burt.ios.ZSWTappableLabelEx;
				PRODUCT_NAME = "$(TARGET_NAME)";
			};
			name = Release;
		};
/* End XCBuildConfiguration section */

/* Begin XCConfigurationList section */
		4EF14AB71C5E4FF80014BAA9 /* Build configuration list for PBXProject "ZSWTappableLabelEx" */ = {
			isa = XCConfigurationList;
			buildConfigurations = (
				4EF14ACC1C5E4FF80014BAA9 /* Debug */,
				4EF14ACD1C5E4FF80014BAA9 /* Release */,
			);
			defaultConfigurationIsVisible = 0;
			defaultConfigurationName = Release;
		};
		4EF14ACE1C5E4FF80014BAA9 /* Build configuration list for PBXNativeTarget "ZSWTappableLabelEx" */ = {
			isa = XCConfigurationList;
			buildConfigurations = (
				4EF14ACF1C5E4FF80014BAA9 /* Debug */,
				4EF14AD01C5E4FF80014BAA9 /* Release */,
			);
			defaultConfigurationIsVisible = 0;
			defaultConfigurationName = Release;
		};
/* End XCConfigurationList section */
	};
	rootObject = 4EF14AB41C5E4FF80014BAA9 /* Project object */;
}
